
Microsoft Visual Studio Solution File, Format Version 12.00
# Visual Studio 2012
Project("{FAE04EC0-301F-11D3-BF4B-00C04F79EFBC}") = "JustGiving.WP8", "JustGiving.WP8\JustGiving.WP8.csproj", "{1A7877DB-C78E-4A86-941C-64DA4D2BF165}"
EndProject
Project("{FAE04EC0-301F-11D3-BF4B-00C04F79EFBC}") = "JustGiving.WP8.Repository", "JustGiving.WP8.Repository\JustGiving.WP8.Repository.csproj", "{D72B1647-AF0D-452F-913F-170445B28D95}"
EndProject
Global
	GlobalSection(SolutionConfigurationPlatforms) = preSolution
		Debug|Any CPU = Debug|Any CPU
		Debug|ARM = Debug|ARM
		Debug|x86 = Debug|x86
		Release|Any CPU = Release|Any CPU
		Release|ARM = Release|ARM
		Release|x86 = Release|x86
	EndGlobalSection
	GlobalSection(ProjectConfigurationPlatforms) = postSolution
		{1A7877DB-C78E-4A86-941C-64DA4D2BF165}.Debug|Any CPU.ActiveCfg = Debug|Any CPU
		{1A7877DB-C78E-4A86-941C-64DA4D2BF165}.Debug|Any CPU.Build.0 = Debug|Any CPU
		{1A7877DB-C78E-4A86-941C-64DA4D2BF165}.Debug|Any CPU.Deploy.0 = Debug|Any CPU
		{1A7877DB-C78E-4A86-941C-64DA4D2BF165}.Debug|ARM.ActiveCfg = Debug|ARM
		{1A7877DB-C78E-4A86-941C-64DA4D2BF165}.Debug|ARM.Build.0 = Debug|ARM
		{1A7877DB-C78E-4A86-941C-64DA4D2BF165}.Debug|ARM.Deploy.0 = Debug|ARM
		{1A7877DB-C78E-4A86-941C-64DA4D2BF165}.Debug|x86.ActiveCfg = Debug|x86
		{1A7877DB-C78E-4A86-941C-64DA4D2BF165}.Debug|x86.Build.0 = Debug|x86
		{1A7877DB-C78E-4A86-941C-64DA4D2BF165}.Debug|x86.Deploy.0 = Debug|x86
		{1A7877DB-C78E-4A86-941C-64DA4D2BF165}.Release|Any CPU.ActiveCfg = Release|Any CPU
		{1A7877DB-C78E-4A86-941C-64DA4D2BF165}.Release|Any CPU.Build.0 = Release|Any CPU
		{1A7877DB-C78E-4A86-941C-64DA4D2BF165}.Release|Any CPU.Deploy.0 = Release|Any CPU
		{1A7877DB-C78E-4A86-941C-64DA4D2BF165}.Release|ARM.ActiveCfg = Release|ARM
		{1A7877DB-C78E-4A86-941C-64DA4D2BF165}.Release|ARM.Build.0 = Release|ARM
		{1A7877DB-C78E-4A86-941C-64DA4D2BF165}.Release|ARM.Deploy.0 = Release|ARM
		{1A7877DB-C78E-4A86-941C-64DA4D2BF165}.Release|x86.ActiveCfg = Release|x86
		{1A7877DB-C78E-4A86-941C-64DA4D2BF165}.Release|x86.Build.0 = Release|x86
		{1A7877DB-C78E-4A86-941C-64DA4D2BF165}.Release|x86.Deploy.0 = Release|x86
		{D72B1647-AF0D-452F-913F-170445B28D95}.Debug|Any CPU.ActiveCfg = Debug|Any CPU
		{D72B1647-AF0D-452F-913F-170445B28D95}.Debug|Any CPU.Build.0 = Debug|Any CPU
		{D72B1647-AF0D-452F-913F-170445B28D95}.Debug|ARM.ActiveCfg = Debug|ARM
		{D72B1647-AF0D-452F-913F-170445B28D95}.Debug|ARM.Build.0 = Debug|ARM
		{D72B1647-AF0D-452F-913F-170445B28D95}.Debug|x86.ActiveCfg = Debug|x86
		{D72B1647-AF0D-452F-913F-170445B28D95}.Debug|x86.Build.0 = Debug|x86
		{D72B1647-AF0D-452F-913F-170445B28D95}.Release|Any CPU.ActiveCfg = Release|Any CPU
		{D72B1647-AF0D-452F-913F-170445B28D95}.Release|Any CPU.Build.0 = Release|Any CPU
		{D72B1647-AF0D-452F-913F-170445B28D95}.Release|ARM.ActiveCfg = Release|ARM
		{D72B1647-AF0D-452F-913F-170445B28D95}.Release|ARM.Build.0 = Release|ARM
		{D72B1647-AF0D-452F-913F-170445B28D95}.Release|x86.ActiveCfg = Release|x86
		{D72B1647-AF0D-452F-913F-170445B28D95}.Release|x86.Build.0 = Release|x86
	EndGlobalSection
	GlobalSection(SolutionProperties) = preSolution
		HideSolutionNode = FALSE
	EndGlobalSection
EndGlobal
